
Microsoft Visual Studio Solution File, Format Version 12.00
# Visual Studio Version 16
VisualStudioVersion = 25.0.1706.2
MinimumVisualStudioVersion = 10.0.40219.1
Project("{FAE04EC0-301F-11D3-BF4B-00C04F79EFBC}") = "DataAccess", "DataAccess\DataAccess.csproj", "{3FF79B15-A250-4930-9685-1C16B393B189}"
EndProject
Project("{FAE04EC0-301F-11D3-BF4B-00C04F79EFBC}") = "Business", "Business\Business.csproj", "{9A99A051-AC07-483C-95FA-91F4B3DBF7E5}"
EndProject
Project("{FAE04EC0-301F-11D3-BF4B-00C04F79EFBC}") = "Entities", "Entities\Entities.csproj", "{7426EE7C-23BA-43D7-B810-FEDEEF33DE4E}"
EndProject
Project("{FAE04EC0-301F-11D3-BF4B-00C04F79EFBC}") = "ConsoleUI", "ConsoleUI\ConsoleUI.csproj", "{2113C396-864D-48C5-BEF8-73FF972F024D}"
EndProject
Project("{FAE04EC0-301F-11D3-BF4B-00C04F79EFBC}") = "Core", "Core\Core.csproj", "{5239ADDB-2F4C-4C82-AC55-252DC6E58A74}"
EndProject
Global
	GlobalSection(SolutionConfigurationPlatforms) = preSolution
		Debug|Any CPU = Debug|Any CPU
		Release|Any CPU = Release|Any CPU
	EndGlobalSection
	GlobalSection(ProjectConfigurationPlatforms) = postSolution
		{3FF79B15-A250-4930-9685-1C16B393B189}.Debug|Any CPU.ActiveCfg = Debug|Any CPU
		{3FF79B15-A250-4930-9685-1C16B393B189}.Debug|Any CPU.Build.0 = Debug|Any CPU
		{3FF79B15-A250-4930-9685-1C16B393B189}.Release|Any CPU.ActiveCfg = Release|Any CPU
		{3FF79B15-A250-4930-9685-1C16B393B189}.Release|Any CPU.Build.0 = Release|Any CPU
		{9A99A051-AC07-483C-95FA-91F4B3DBF7E5}.Debug|Any CPU.ActiveCfg = Debug|Any CPU
		{9A99A051-AC07-483C-95FA-91F4B3DBF7E5}.Debug|Any CPU.Build.0 = Debug|Any CPU
		{9A99A051-AC07-483C-95FA-91F4B3DBF7E5}.Release|Any CPU.ActiveCfg = Release|Any CPU
		{9A99A051-AC07-483C-95FA-91F4B3DBF7E5}.Release|Any CPU.Build.0 = Release|Any CPU
		{7426EE7C-23BA-43D7-B810-FEDEEF33DE4E}.Debug|Any CPU.ActiveCfg = Debug|Any CPU
		{7426EE7C-23BA-43D7-B810-FEDEEF33DE4E}.Debug|Any CPU.Build.0 = Debug|Any CPU
		{7426EE7C-23BA-43D7-B810-FEDEEF33DE4E}.Release|Any CPU.ActiveCfg = Release|Any CPU
		{7426EE7C-23BA-43D7-B810-FEDEEF33DE4E}.Release|Any CPU.Build.0 = Release|Any CPU
		{2113C396-864D-48C5-BEF8-73FF972F024D}.Debug|Any CPU.ActiveCfg = Debug|Any CPU
		{2113C396-864D-48C5-BEF8-73FF972F024D}.Debug|Any CPU.Build.0 = Debug|Any CPU
		{2113C396-864D-48C5-BEF8-73FF972F024D}.Release|Any CPU.ActiveCfg = Release|Any CPU
		{2113C396-864D-48C5-BEF8-73FF972F024D}.Release|Any CPU.Build.0 = Release|Any CPU
		{5239ADDB-2F4C-4C82-AC55-252DC6E58A74}.Debug|Any CPU.ActiveCfg = Debug|Any CPU
		{5239ADDB-2F4C-4C82-AC55-252DC6E58A74}.Debug|Any CPU.Build.0 = Debug|Any CPU
		{5239ADDB-2F4C-4C82-AC55-252DC6E58A74}.Release|Any CPU.ActiveCfg = Release|Any CPU
		{5239ADDB-2F4C-4C82-AC55-252DC6E58A74}.Release|Any CPU.Build.0 = Release|Any CPU
	EndGlobalSection
	GlobalSection(SolutionProperties) = preSolution
		HideSolutionNode = FALSE
	EndGlobalSection
	GlobalSection(ExtensibilityGlobals) = postSolution
		SolutionGuid = {F6D0F66B-C483-4016-ACA0-BA285B0B82B5}
	EndGlobalSection
EndGlobal
